<?xml version="1.0" encoding="utf-8"?>
<Project ToolsVersion="4.0" xmlns="http://schemas.microsoft.com/developer/msbuild/2003">
  <ItemGroup>
    <Filter Include="Source Files">
      <UniqueIdentifier>{4FC737F1-C7A5-4376-A066-2A32D752A2FF}</UniqueIdentifier>
      <Extensions>cpp;cxx;c;def</Extensions>
    </Filter>
    <Filter Include="Header Files">
      <UniqueIdentifier>{93995380-89BD-4b04-88EB-625FBE52EBFB}</UniqueIdentifier>
      <Extensions>h</Extensions>
    </Filter>
    <Filter Include="Form Files">
      <UniqueIdentifier>{99349809-55BA-4b9d-BF79-8FDBB0286EB3}</UniqueIdentifier>
      <Extensions>ui</Extensions>
    </Filter>
    <Filter Include="Resource Files">
      <UniqueIdentifier>{D9D6E242-F8AF-46E4-B9FD-80ECBC20BA3E}</UniqueIdentifier>
      <Extensions>qrc;*</Extensions>
      <ParseFiles>false</ParseFiles>
    </Filter>
    <Filter Include="Generated Files">
      <UniqueIdentifier>{71ED8ED8-ACB9-4CE9-BBE1-E00B30144E11}</UniqueIdentifier>
      <Extensions>moc;h;cpp</Extensions>
      <SourceControlFiles>False</SourceControlFiles>
    </Filter>
    <Filter Include="Generated Files\Debug">
      <UniqueIdentifier>{9f3c56be-2db5-41a6-b18b-d28b4334fab4}</UniqueIdentifier>
      <Extensions>cpp;moc</Extensions>
      <SourceControlFiles>False</SourceControlFiles>
    </Filter>
    <Filter Include="Generated Files\Release">
      <UniqueIdentifier>{825e4c4d-b330-4f89-9dc2-05f0c2ef99d8}</UniqueIdentifier>
      <Extensions>cpp;moc</Extensions>
      <SourceControlFiles>False</SourceControlFiles>
    </Filter>
    <Filter Include="Images">
      <UniqueIdentifier>{2858e37d-b331-4483-89a3-1a69c79b1a86}</UniqueIdentifier>
    </Filter>
  </ItemGroup>
  <ItemGroup>
    <ClCompile Include="main.cpp">
      <Filter>Source Files</Filter>
    </ClCompile>
    <ClCompile Include="GeneratedFiles\qrc_learningqt.cpp">
      <Filter>Generated Files</Filter>
    </ClCompile>
    <ClCompile Include="workeropencv.cpp">
      <Filter>Source Files</Filter>
    </ClCompile>
    <ClCompile Include="qtopencvwidget.cpp">
      <Filter>Source Files</Filter>
    </ClCompile>
    <ClCompile Include="GeneratedFiles\Debug\moc_workeropencv.cpp">
      <Filter>Generated Files\Debug</Filter>
    </ClCompile>
    <ClCompile Include="GeneratedFiles\Release\moc_workeropencv.cpp">
      <Filter>Generated Files\Release</Filter>
    </ClCompile>
    <ClCompile Include="GeneratedFiles\Debug\moc_qtopencvwidget.cpp">
      <Filter>Generated Files\Debug</Filter>
    </ClCompile>
    <ClCompile Include="GeneratedFiles\Release\moc_qtopencvwidget.cpp">
      <Filter>Generated Files\Release</Filter>
    </ClCompile>
  </ItemGroup>
  <ItemGroup>
    <CustomBuild Include="learningqt.qrc">
      <Filter>Resource Files</Filter>
    </CustomBuild>
    <CustomBuild Include="qtopencvwidget.ui">
      <Filter>Form Files</Filter>
    </CustomBuild>
    <CustomBuild Include="workeropencv.hpp">
      <Filter>Header Files</Filter>
    </CustomBuild>
    <CustomBuild Include="qtopencvwidget.hpp">
      <Filter>Header Files</Filter>
    </CustomBuild>
    <CustomBuild Include="LayersWidget.ui">
      <Filter>Form Files</Filter>
    </CustomBuild>
  </ItemGroup>
  <ItemGroup>
    <ClInclude Include="GeneratedFiles\ui_qtopencvwidget.h">
      <Filter>Generated Files</Filter>
    </ClInclude>
    <ClInclude Include="GeneratedFiles\ui_LayersWidget.h">
      <Filter>Generated Files</Filter>
    </ClInclude>
    <ClInclude Include="processingfunction.hpp">
      <Filter>Header Files</Filter>
    </ClInclude>
  </ItemGroup>
  <ItemGroup>
    <ResourceCompile Include="LearningQt.rc" />
  </ItemGroup>
  <ItemGroup>
    <Image Include="Images\disabled.png">
      <Filter>Images</Filter>
    </Image>
    <Image Include="Images\enabled.png">
      <Filter>Images</Filter>
    </Image>
    <Image Include="Images\pause.png">
      <Filter>Images</Filter>
    </Image>
    <Image Include="Images\play.png">
      <Filter>Images</Filter>
    </Image>
    <Image Include="Images\record.png">
      <Filter>Images</Filter>
    </Image>
    <Image Include="Images\stop.png">
      <Filter>Images</Filter>
    </Image>
    <Image Include="Images\flipHorizontal.png">
      <Filter>Images</Filter>
    </Image>
    <Image Include="Images\flipVertical.png">
      <Filter>Images</Filter>
    </Image>
    <Image Include="Images\rotateClockwise.png">
      <Filter>Images</Filter>
    </Image>
    <Image Include="Images\rotateCounterClockwise.png">
      <Filter>Images</Filter>
    </Image>
    <Image Include="Images\splash.png">
      <Filter>Images</Filter>
    </Image>
  </ItemGroup>
</Project>